// !$*UTF8*$!
{
	archiveVersion = 1;
	classes = {
	};
	objectVersion = 50;
	objects = {

/* Begin PBXBuildFile section */
		17ABCB2A2214D58A00EB6066 /* AppDelegate.swift in Sources */ = {isa = PBXBuildFile; fileRef = 17ABCB292214D58A00EB6066 /* AppDelegate.swift */; };
		17ABCB2D2214D58A00EB6066 /* EveryDoItAgain.xcdatamodeld in Sources */ = {isa = PBXBuildFile; fileRef = 17ABCB2B2214D58A00EB6066 /* EveryDoItAgain.xcdatamodeld */; };
		17ABCB2F2214D58A00EB6066 /* MasterViewController.swift in Sources */ = {isa = PBXBuildFile; fileRef = 17ABCB2E2214D58A00EB6066 /* MasterViewController.swift */; };
		17ABCB312214D58A00EB6066 /* DetailViewController.swift in Sources */ = {isa = PBXBuildFile; fileRef = 17ABCB302214D58A00EB6066 /* DetailViewController.swift */; };
		17ABCB342214D58A00EB6066 /* Main.storyboard in Resources */ = {isa = PBXBuildFile; fileRef = 17ABCB322214D58A00EB6066 /* Main.storyboard */; };
		17ABCB362214D58C00EB6066 /* Assets.xcassets in Resources */ = {isa = PBXBuildFile; fileRef = 17ABCB352214D58C00EB6066 /* Assets.xcassets */; };
		17ABCB392214D58C00EB6066 /* LaunchScreen.storyboard in Resources */ = {isa = PBXBuildFile; fileRef = 17ABCB372214D58C00EB6066 /* LaunchScreen.storyboard */; };
		17ABCB442214D58C00EB6066 /* EveryDoItAgainTests.swift in Sources */ = {isa = PBXBuildFile; fileRef = 17ABCB432214D58C00EB6066 /* EveryDoItAgainTests.swift */; };
		17ABCB4F2214D58C00EB6066 /* EveryDoItAgainUITests.swift in Sources */ = {isa = PBXBuildFile; fileRef = 17ABCB4E2214D58C00EB6066 /* EveryDoItAgainUITests.swift */; };
/* End PBXBuildFile section */

/* Begin PBXContainerItemProxy section */
		17ABCB402214D58C00EB6066 /* PBXContainerItemProxy */ = {
			isa = PBXContainerItemProxy;
			containerPortal = 17ABCB1E2214D58A00EB6066 /* Project object */;
			proxyType = 1;
			remoteGlobalIDString = 17ABCB252214D58A00EB6066;
			remoteInfo = EveryDoItAgain;
		};
		17ABCB4B2214D58C00EB6066 /* PBXContainerItemProxy */ = {
			isa = PBXContainerItemProxy;
			containerPortal = 17ABCB1E2214D58A00EB6066 /* Project object */;
			proxyType = 1;
			remoteGlobalIDString = 17ABCB252214D58A00EB6066;
			remoteInfo = EveryDoItAgain;
		};
/* End PBXContainerItemProxy section */

/* Begin PBXFileReference section */
		17ABCB262214D58A00EB6066 /* EveryDoItAgain.app */ = {isa = PBXFileReference; explicitFileType = wrapper.application; includeInIndex = 0; path = EveryDoItAgain.app; sourceTree = BUILT_PRODUCTS_DIR; };
		17ABCB292214D58A00EB6066 /* AppDelegate.swift */ = {isa = PBXFileReference; lastKnownFileType = sourcecode.swift; path = AppDelegate.swift; sourceTree = "<group>"; };
		17ABCB2C2214D58A00EB6066 /* EveryDoItAgain.xcdatamodel */ = {isa = PBXFileReference; lastKnownFileType = wrapper.xcdatamodel; path = EveryDoItAgain.xcdatamodel; sourceTree = "<group>"; };
		17ABCB2E2214D58A00EB6066 /* MasterViewController.swift */ = {isa = PBXFileReference; lastKnownFileType = sourcecode.swift; path = MasterViewController.swift; sourceTree = "<group>"; };
		17ABCB302214D58A00EB6066 /* DetailViewController.swift */ = {isa = PBXFileReference; lastKnownFileType = sourcecode.swift; path = DetailViewController.swift; sourceTree = "<group>"; };
		17ABCB332214D58A00EB6066 /* Base */ = {isa = PBXFileReference; lastKnownFileType = file.storyboard; name = Base; path = Base.lproj/Main.storyboard; sourceTree = "<group>"; };
		17ABCB352214D58C00EB6066 /* Assets.xcassets */ = {isa = PBXFileReference; lastKnownFileType = folder.assetcatalog; path = Assets.xcassets; sourceTree = "<group>"; };
		17ABCB382214D58C00EB6066 /* Base */ = {isa = PBXFileReference; lastKnownFileType = file.storyboard; name = Base; path = Base.lproj/LaunchScreen.storyboard; sourceTree = "<group>"; };
		17ABCB3A2214D58C00EB6066 /* Info.plist */ = {isa = PBXFileReference; lastKnownFileType = text.plist.xml; path = Info.plist; sourceTree = "<group>"; };
		17ABCB3F2214D58C00EB6066 /* EveryDoItAgainTests.xctest */ = {isa = PBXFileReference; explicitFileType = wrapper.cfbundle; includeInIndex = 0; path = EveryDoItAgainTests.xctest; sourceTree = BUILT_PRODUCTS_DIR; };
		17ABCB432214D58C00EB6066 /* EveryDoItAgainTests.swift */ = {isa = PBXFileReference; lastKnownFileType = sourcecode.swift; path = EveryDoItAgainTests.swift; sourceTree = "<group>"; };
		17ABCB452214D58C00EB6066 /* Info.plist */ = {isa = PBXFileReference; lastKnownFileType = text.plist.xml; path = Info.plist; sourceTree = "<group>"; };
		17ABCB4A2214D58C00EB6066 /* EveryDoItAgainUITests.xctest */ = {isa = PBXFileReference; explicitFileType = wrapper.cfbundle; includeInIndex = 0; path = EveryDoItAgainUITests.xctest; sourceTree = BUILT_PRODUCTS_DIR; };
		17ABCB4E2214D58C00EB6066 /* EveryDoItAgainUITests.swift */ = {isa = PBXFileReference; lastKnownFileType = sourcecode.swift; path = EveryDoItAgainUITests.swift; sourceTree = "<group>"; };
		17ABCB502214D58C00EB6066 /* Info.plist */ = {isa = PBXFileReference; lastKnownFileType = text.plist.xml; path = Info.plist; sourceTree = "<group>"; };
/* End PBXFileReference section */

/* Begin PBXFrameworksBuildPhase section */
		17ABCB232214D58A00EB6066 /* Frameworks */ = {
			isa = PBXFrameworksBuildPhase;
			buildActionMask = 2147483647;
			files = (
			);
			runOnlyForDeploymentPostprocessing = 0;
		};
		17ABCB3C2214D58C00EB6066 /* Frameworks */ = {
			isa = PBXFrameworksBuildPhase;
			buildActionMask = 2147483647;
			files = (
			);
			runOnlyForDeploymentPostprocessing = 0;
		};
		17ABCB472214D58C00EB6066 /* Frameworks */ = {
			isa = PBXFrameworksBuildPhase;
			buildActionMask = 2147483647;
			files = (
			);
			runOnlyForDeploymentPostprocessing = 0;
		};
/* End PBXFrameworksBuildPhase section */

/* Begin PBXGroup section */
		17ABCB1D2214D58A00EB6066 = {
			isa = PBXGroup;
			children = (
				17ABCB282214D58A00EB6066 /* EveryDoItAgain */,
				17ABCB422214D58C00EB6066 /* EveryDoItAgainTests */,
				17ABCB4D2214D58C00EB6066 /* EveryDoItAgainUITests */,
				17ABCB272214D58A00EB6066 /* Products */,
			);
			sourceTree = "<group>";
		};
		17ABCB272214D58A00EB6066 /* Products */ = {
			isa = PBXGroup;
			children = (
				17ABCB262214D58A00EB6066 /* EveryDoItAgain.app */,
				17ABCB3F2214D58C00EB6066 /* EveryDoItAgainTests.xctest */,
				17ABCB4A2214D58C00EB6066 /* EveryDoItAgainUITests.xctest */,
			);
			name = Products;
			sourceTree = "<group>";
		};
		17ABCB282214D58A00EB6066 /* EveryDoItAgain */ = {
			isa = PBXGroup;
			children = (
				17ABCB292214D58A00EB6066 /* AppDelegate.swift */,
				17ABCB2E2214D58A00EB6066 /* MasterViewController.swift */,
				17ABCB302214D58A00EB6066 /* DetailViewController.swift */,
				17ABCB322214D58A00EB6066 /* Main.storyboard */,
				17ABCB352214D58C00EB6066 /* Assets.xcassets */,
				17ABCB372214D58C00EB6066 /* LaunchScreen.storyboard */,
				17ABCB3A2214D58C00EB6066 /* Info.plist */,
				17ABCB2B2214D58A00EB6066 /* EveryDoItAgain.xcdatamodeld */,
			);
			path = EveryDoItAgain;
			sourceTree = "<group>";
		};
		17ABCB422214D58C00EB6066 /* EveryDoItAgainTests */ = {
			isa = PBXGroup;
			children = (
				17ABCB432214D58C00EB6066 /* EveryDoItAgainTests.swift */,
				17ABCB452214D58C00EB6066 /* Info.plist */,
			);
			path = EveryDoItAgainTests;
			sourceTree = "<group>";
		};
		17ABCB4D2214D58C00EB6066 /* EveryDoItAgainUITests */ = {
			isa = PBXGroup;
			children = (
				17ABCB4E2214D58C00EB6066 /* EveryDoItAgainUITests.swift */,
				17ABCB502214D58C00EB6066 /* Info.plist */,
			);
			path = EveryDoItAgainUITests;
			sourceTree = "<group>";
		};
/* End PBXGroup section */

/* Begin PBXNativeTarget section */
		17ABCB252214D58A00EB6066 /* EveryDoItAgain */ = {
			isa = PBXNativeTarget;
			buildConfigurationList = 17ABCB532214D58C00EB6066 /* Build configuration list for PBXNativeTarget "EveryDoItAgain" */;
			buildPhases = (
				17ABCB222214D58A00EB6066 /* Sources */,
				17ABCB232214D58A00EB6066 /* Frameworks */,
				17ABCB242214D58A00EB6066 /* Resources */,
			);
			buildRules = (
			);
			dependencies = (
			);
			name = EveryDoItAgain;
			productName = EveryDoItAgain;
			productReference = 17ABCB262214D58A00EB6066 /* EveryDoItAgain.app */;
			productType = "com.apple.product-type.application";
		};
		17ABCB3E2214D58C00EB6066 /* EveryDoItAgainTests */ = {
			isa = PBXNativeTarget;
			buildConfigurationList = 17ABCB562214D58C00EB6066 /* Build configuration list for PBXNativeTarget "EveryDoItAgainTests" */;
			buildPhases = (
				17ABCB3B2214D58C00EB6066 /* Sources */,
				17ABCB3C2214D58C00EB6066 /* Frameworks */,
				17ABCB3D2214D58C00EB6066 /* Resources */,
			);
			buildRules = (
			);
			dependencies = (
				17ABCB412214D58C00EB6066 /* PBXTargetDependency */,
			);
			name = EveryDoItAgainTests;
			productName = EveryDoItAgainTests;
			productReference = 17ABCB3F2214D58C00EB6066 /* EveryDoItAgainTests.xctest */;
			productType = "com.apple.product-type.bundle.unit-test";
		};
		17ABCB492214D58C00EB6066 /* EveryDoItAgainUITests */ = {
			isa = PBXNativeTarget;
			buildConfigurationList = 17ABCB592214D58C00EB6066 /* Build configuration list for PBXNativeTarget "EveryDoItAgainUITests" */;
			buildPhases = (
				17ABCB462214D58C00EB6066 /* Sources */,
				17ABCB472214D58C00EB6066 /* Frameworks */,
				17ABCB482214D58C00EB6066 /* Resources */,
			);
			buildRules = (
			);
			dependencies = (
				17ABCB4C2214D58C00EB6066 /* PBXTargetDependency */,
			);
			name = EveryDoItAgainUITests;
			productName = EveryDoItAgainUITests;
			productReference = 17ABCB4A2214D58C00EB6066 /* EveryDoItAgainUITests.xctest */;
			productType = "com.apple.product-type.bundle.ui-testing";
		};
/* End PBXNativeTarget section */

/* Begin PBXProject section */
		17ABCB1E2214D58A00EB6066 /* Project object */ = {
			isa = PBXProject;
			attributes = {
				LastSwiftUpdateCheck = 1010;
				LastUpgradeCheck = 1010;
				ORGANIZATIONNAME = "Matthew Chan";
				TargetAttributes = {
					17ABCB252214D58A00EB6066 = {
						CreatedOnToolsVersion = 10.1;
					};
					17ABCB3E2214D58C00EB6066 = {
						CreatedOnToolsVersion = 10.1;
						TestTargetID = 17ABCB252214D58A00EB6066;
					};
					17ABCB492214D58C00EB6066 = {
						CreatedOnToolsVersion = 10.1;
						TestTargetID = 17ABCB252214D58A00EB6066;
					};
				};
			};
			buildConfigurationList = 17ABCB212214D58A00EB6066 /* Build configuration list for PBXProject "EveryDoItAgain" */;
			compatibilityVersion = "Xcode 9.3";
			developmentRegion = en;
			hasScannedForEncodings = 0;
			knownRegions = (
				en,
				Base,
			);
			mainGroup = 17ABCB1D2214D58A00EB6066;
			productRefGroup = 17ABCB272214D58A00EB6066 /* Products */;
			projectDirPath = "";
			projectRoot = "";
			targets = (
				17ABCB252214D58A00EB6066 /* EveryDoItAgain */,
				17ABCB3E2214D58C00EB6066 /* EveryDoItAgainTests */,
				17ABCB492214D58C00EB6066 /* EveryDoItAgainUITests */,
			);
		};
/* End PBXProject section */

/* Begin PBXResourcesBuildPhase section */
		17ABCB242214D58A00EB6066 /* Resources */ = {
			isa = PBXResourcesBuildPhase;
			buildActionMask = 2147483647;
			files = (
				17ABCB392214D58C00EB6066 /* LaunchScreen.storyboard in Resources */,
				17ABCB362214D58C00EB6066 /* Assets.xcassets in Resources */,
				17ABCB342214D58A00EB6066 /* Main.storyboard in Resources */,
			);
			runOnlyForDeploymentPostprocessing = 0;
		};
		17ABCB3D2214D58C00EB6066 /* Resources */ = {
			isa = PBXResourcesBuildPhase;
			buildActionMask = 2147483647;
			files = (
			);
			runOnlyForDeploymentPostprocessing = 0;
		};
		17ABCB482214D58C00EB6066 /* Resources */ = {
			isa = PBXResourcesBuildPhase;
			buildActionMask = 2147483647;
			files = (
			);
			runOnlyForDeploymentPostprocessing = 0;
		};
/* End PBXResourcesBuildPhase section */

/* Begin PBXSourcesBuildPhase section */
		17ABCB222214D58A00EB6066 /* Sources */ = {
			isa = PBXSourcesBuildPhase;
			buildActionMask = 2147483647;
			files = (
				17ABCB2D2214D58A00EB6066 /* EveryDoItAgain.xcdatamodeld in Sources */,
				17ABCB2A2214D58A00EB6066 /* AppDelegate.swift in Sources */,
				17ABCB2F2214D58A00EB6066 /* MasterViewController.swift in Sources */,
				17ABCB312214D58A00EB6066 /* DetailViewController.swift in Sources */,
			);
			runOnlyForDeploymentPostprocessing = 0;
		};
		17ABCB3B2214D58C00EB6066 /* Sources */ = {
			isa = PBXSourcesBuildPhase;
			buildActionMask = 2147483647;
			files = (
				17ABCB442214D58C00EB6066 /* EveryDoItAgainTests.swift in Sources */,
			);
			runOnlyForDeploymentPostprocessing = 0;
		};
		17ABCB462214D58C00EB6066 /* Sources */ = {
			isa = PBXSourcesBuildPhase;
			buildActionMask = 2147483647;
			files = (
				17ABCB4F2214D58C00EB6066 /* EveryDoItAgainUITests.swift in Sources */,
			);
			runOnlyForDeploymentPostprocessing = 0;
		};
/* End PBXSourcesBuildPhase section */

/* Begin PBXTargetDependency section */
		17ABCB412214D58C00EB6066 /* PBXTargetDependency */ = {
			isa = PBXTargetDependency;
			target = 17ABCB252214D58A00EB6066 /* EveryDoItAgain */;
			targetProxy = 17ABCB402214D58C00EB6066 /* PBXContainerItemProxy */;
		};
		17ABCB4C2214D58C00EB6066 /* PBXTargetDependency */ = {
			isa = PBXTargetDependency;
			target = 17ABCB252214D58A00EB6066 /* EveryDoItAgain */;
			targetProxy = 17ABCB4B2214D58C00EB6066 /* PBXContainerItemProxy */;
		};
/* End PBXTargetDependency section */

/* Begin PBXVariantGroup section */
		17ABCB322214D58A00EB6066 /* Main.storyboard */ = {
			isa = PBXVariantGroup;
			children = (
				17ABCB332214D58A00EB6066 /* Base */,
			);
			name = Main.storyboard;
			sourceTree = "<group>";
		};
		17ABCB372214D58C00EB6066 /* LaunchScreen.storyboard */ = {
			isa = PBXVariantGroup;
			children = (
				17ABCB382214D58C00EB6066 /* Base */,
			);
			name = LaunchScreen.storyboard;
			sourceTree = "<group>";
		};
/* End PBXVariantGroup section */

/* Begin XCBuildConfiguration section */
		17ABCB512214D58C00EB6066 /* Debug */ = {
			isa = XCBuildConfiguration;
			buildSettings = {
				ALWAYS_SEARCH_USER_PATHS = NO;
				CLANG_ANALYZER_NONNULL = YES;
				CLANG_ANALYZER_NUMBER_OBJECT_CONVERSION = YES_AGGRESSIVE;
				CLANG_CXX_LANGUAGE_STANDARD = "gnu++14";
				CLANG_CXX_LIBRARY = "libc++";
				CLANG_ENABLE_MODULES = YES;
				CLANG_ENABLE_OBJC_ARC = YES;
				CLANG_ENABLE_OBJC_WEAK = YES;
				CLANG_WARN_BLOCK_CAPTURE_AUTORELEASING = YES;
				CLANG_WARN_BOOL_CONVERSION = YES;
				CLANG_WARN_COMMA = YES;
				CLANG_WARN_CONSTANT_CONVERSION = YES;
				CLANG_WARN_DEPRECATED_OBJC_IMPLEMENTATIONS = YES;
				CLANG_WARN_DIRECT_OBJC_ISA_USAGE = YES_ERROR;
				CLANG_WARN_DOCUMENTATION_COMMENTS = YES;
				CLANG_WARN_EMPTY_BODY = YES;
				CLANG_WARN_ENUM_CONVERSION = YES;
				CLANG_WARN_INFINITE_RECURSION = YES;
				CLANG_WARN_INT_CONVERSION = YES;
				CLANG_WARN_NON_LITERAL_NULL_CONVERSION = YES;
				CLANG_WARN_OBJC_IMPLICIT_RETAIN_SELF = YES;
				CLANG_WARN_OBJC_LITERAL_CONVERSION = YES;
				CLANG_WARN_OBJC_ROOT_CLASS = YES_ERROR;
				CLANG_WARN_RANGE_LOOP_ANALYSIS = YES;
				CLANG_WARN_STRICT_PROTOTYPES = YES;
				CLANG_WARN_SUSPICIOUS_MOVE = YES;
				CLANG_WARN_UNGUARDED_AVAILABILITY = YES_AGGRESSIVE;
				CLANG_WARN_UNREACHABLE_CODE = YES;
				CLANG_WARN__DUPLICATE_METHOD_MATCH = YES;
				CODE_SIGN_IDENTITY = "iPhone Developer";
				COPY_PHASE_STRIP = NO;
				DEBUG_INFORMATION_FORMAT = dwarf;
				ENABLE_STRICT_OBJC_MSGSEND = YES;
				ENABLE_TESTABILITY = YES;
				GCC_C_LANGUAGE_STANDARD = gnu11;
				GCC_DYNAMIC_NO_PIC = NO;
				GCC_NO_COMMON_BLOCKS = YES;
				GCC_OPTIMIZATION_LEVEL = 0;
				GCC_PREPROCESSOR_DEFINITIONS = (
					"DEBUG=1",
					"$(inherited)",
				);
				GCC_WARN_64_TO_32_BIT_CONVERSION = YES;
				GCC_WARN_ABOUT_RETURN_TYPE = YES_ERROR;
				GCC_WARN_UNDECLARED_SELECTOR = YES;
				GCC_WARN_UNINITIALIZED_AUTOS = YES_AGGRESSIVE;
				GCC_WARN_UNUSED_FUNCTION = YES;
				GCC_WARN_UNUSED_VARIABLE = YES;
				IPHONEOS_DEPLOYMENT_TARGET = 12.1;
				MTL_ENABLE_DEBUG_INFO = INCLUDE_SOURCE;
				MTL_FAST_MATH = YES;
				ONLY_ACTIVE_ARCH = YES;
				SDKROOT = iphoneos;
				SWIFT_ACTIVE_COMPILATION_CONDITIONS = DEBUG;
				SWIFT_OPTIMIZATION_LEVEL = "-Onone";
			};
			name = Debug;
		};
		17ABCB522214D58C00EB6066 /* Release */ = {
			isa = XCBuildConfiguration;
			buildSettings = {
				ALWAYS_SEARCH_USER_PATHS = NO;
				CLANG_ANALYZER_NONNULL = YES;
				CLANG_ANALYZER_NUMBER_OBJECT_CONVERSION = YES_AGGRESSIVE;
				CLANG_CXX_LANGUAGE_STANDARD = "gnu++14";
				CLANG_CXX_LIBRARY = "libc++";
				CLANG_ENABLE_MODULES = YES;
				CLANG_ENABLE_OBJC_ARC = YES;
				CLANG_ENABLE_OBJC_WEAK = YES;
				CLANG_WARN_BLOCK_CAPTURE_AUTORELEASING = YES;
				CLANG_WARN_BOOL_CONVERSION = YES;
				CLANG_WARN_COMMA = YES;
				CLANG_WARN_CONSTANT_CONVERSION = YES;
				CLANG_WARN_DEPRECATED_OBJC_IMPLEMENTATIONS = YES;
				CLANG_WARN_DIRECT_OBJC_ISA_USAGE = YES_ERROR;
				CLANG_WARN_DOCUMENTATION_COMMENTS = YES;
				CLANG_WARN_EMPTY_BODY = YES;
				CLANG_WARN_ENUM_CONVERSION = YES;
				CLANG_WARN_INFINITE_RECURSION = YES;
				CLANG_WARN_INT_CONVERSION = YES;
				CLANG_WARN_NON_LITERAL_NULL_CONVERSION = YES;
				CLANG_WARN_OBJC_IMPLICIT_RETAIN_SELF = YES;
				CLANG_WARN_OBJC_LITERAL_CONVERSION = YES;
				CLANG_WARN_OBJC_ROOT_CLASS = YES_ERROR;
				CLANG_WARN_RANGE_LOOP_ANALYSIS = YES;
				CLANG_WARN_STRICT_PROTOTYPES = YES;
				CLANG_WARN_SUSPICIOUS_MOVE = YES;
				CLANG_WARN_UNGUARDED_AVAILABILITY = YES_AGGRESSIVE;
				CLANG_WARN_UNREACHABLE_CODE = YES;
				CLANG_WARN__DUPLICATE_METHOD_MATCH = YES;
				CODE_SIGN_IDENTITY = "iPhone Developer";
				COPY_PHASE_STRIP = NO;
				DEBUG_INFORMATION_FORMAT = "dwarf-with-dsym";
				ENABLE_NS_ASSERTIONS = NO;
				ENABLE_STRICT_OBJC_MSGSEND = YES;
				GCC_C_LANGUAGE_STANDARD = gnu11;
				GCC_NO_COMMON_BLOCKS = YES;
				GCC_WARN_64_TO_32_BIT_CONVERSION = YES;
				GCC_WARN_ABOUT_RETURN_TYPE = YES_ERROR;
				GCC_WARN_UNDECLARED_SELECTOR = YES;
				GCC_WARN_UNINITIALIZED_AUTOS = YES_AGGRESSIVE;
				GCC_WARN_UNUSED_FUNCTION = YES;
				GCC_WARN_UNUSED_VARIABLE = YES;
				IPHONEOS_DEPLOYMENT_TARGET = 12.1;
				MTL_ENABLE_DEBUG_INFO = NO;
				MTL_FAST_MATH = YES;
				SDKROOT = iphoneos;
				SWIFT_COMPILATION_MODE = wholemodule;
				SWIFT_OPTIMIZATION_LEVEL = "-O";
				VALIDATE_PRODUCT = YES;
			};
			name = Release;
		};
		17ABCB542214D58C00EB6066 /* Debug */ = {
			isa = XCBuildConfiguration;
			buildSettings = {
				ASSETCATALOG_COMPILER_APPICON_NAME = AppIcon;
				CODE_SIGN_STYLE = Automatic;
				DEVELOPMENT_TEAM = X3GKR9NFG3;
				INFOPLIST_FILE = EveryDoItAgain/Info.plist;
				LD_RUNPATH_SEARCH_PATHS = (
					"$(inherited)",
					"@executable_path/Frameworks",
				);
				PRODUCT_BUNDLE_IDENTIFIER = com.MatthewChan.EveryDoItAgain;
				PRODUCT_NAME = "$(TARGET_NAME)";
				SWIFT_VERSION = 4.2;
				TARGETED_DEVICE_FAMILY = "1,2";
			};
			name = Debug;
		};
		17ABCB552214D58C00EB6066 /* Release */ = {
			isa = XCBuildConfiguration;
			buildSettings = {
				ASSETCATALOG_COMPILER_APPICON_NAME = AppIcon;
				CODE_SIGN_STYLE = Automatic;
				DEVELOPMENT_TEAM = X3GKR9NFG3;
				INFOPLIST_FILE = EveryDoItAgain/Info.plist;
				LD_RUNPATH_SEARCH_PATHS = (
					"$(inherited)",
					"@executable_path/Frameworks",
				);
				PRODUCT_BUNDLE_IDENTIFIER = com.MatthewChan.EveryDoItAgain;
				PRODUCT_NAME = "$(TARGET_NAME)";
				SWIFT_VERSION = 4.2;
				TARGETED_DEVICE_FAMILY = "1,2";
			};
			name = Release;
		};
		17ABCB572214D58C00EB6066 /* Debug */ = {
			isa = XCBuildConfiguration;
			buildSettings = {
				ALWAYS_EMBED_SWIFT_STANDARD_LIBRARIES = YES;
				BUNDLE_LOADER = "$(TEST_HOST)";
				CODE_SIGN_STYLE = Automatic;
				DEVELOPMENT_TEAM = X3GKR9NFG3;
				INFOPLIST_FILE = EveryDoItAgainTests/Info.plist;
				LD_RUNPATH_SEARCH_PATHS = (
					"$(inherited)",
					"@executable_path/Frameworks",
					"@loader_path/Frameworks",
				);
				PRODUCT_BUNDLE_IDENTIFIER = com.MatthewChan.EveryDoItAgainTests;
				PRODUCT_NAME = "$(TARGET_NAME)";
				SWIFT_VERSION = 4.2;
				TARGETED_DEVICE_FAMILY = "1,2";
				TEST_HOST = "$(BUILT_PRODUCTS_DIR)/EveryDoItAgain.app/EveryDoItAgain";
			};
			name = Debug;
		};
		17ABCB582214D58C00EB6066 /* Release */ = {
			isa = XCBuildConfiguration;
			buildSettings = {
				ALWAYS_EMBED_SWIFT_STANDARD_LIBRARIES = YES;
				BUNDLE_LOADER = "$(TEST_HOST)";
				CODE_SIGN_STYLE = Automatic;
				DEVELOPMENT_TEAM = X3GKR9NFG3;
				INFOPLIST_FILE = EveryDoItAgainTests/Info.plist;
				LD_RUNPATH_SEARCH_PATHS = (
					"$(inherited)",
					"@executable_path/Frameworks",
					"@loader_path/Frameworks",
				);
				PRODUCT_BUNDLE_IDENTIFIER = com.MatthewChan.EveryDoItAgainTests;
				PRODUCT_NAME = "$(TARGET_NAME)";
				SWIFT_VERSION = 4.2;
				TARGETED_DEVICE_FAMILY = "1,2";
				TEST_HOST = "$(BUILT_PRODUCTS_DIR)/EveryDoItAgain.app/EveryDoItAgain";
			};
			name = Release;
		};
		17ABCB5A2214D58C00EB6066 /* Debug */ = {
			isa = XCBuildConfiguration;
			buildSettings = {
				ALWAYS_EMBED_SWIFT_STANDARD_LIBRARIES = YES;
				CODE_SIGN_STYLE = Automatic;
				DEVELOPMENT_TEAM = X3GKR9NFG3;
				INFOPLIST_FILE = EveryDoItAgainUITests/Info.plist;
				LD_RUNPATH_SEARCH_PATHS = (
					"$(inherited)",
					"@executable_path/Frameworks",
					"@loader_path/Frameworks",
				);
				PRODUCT_BUNDLE_IDENTIFIER = com.MatthewChan.EveryDoItAgainUITests;
				PRODUCT_NAME = "$(TARGET_NAME)";
				SWIFT_VERSION = 4.2;
				TARGETED_DEVICE_FAMILY = "1,2";
				TEST_TARGET_NAME = EveryDoItAgain;
			};
			name = Debug;
		};
		17ABCB5B2214D58C00EB6066 /* Release */ = {
			isa = XCBuildConfiguration;
			buildSettings = {
				ALWAYS_EMBED_SWIFT_STANDARD_LIBRARIES = YES;
				CODE_SIGN_STYLE = Automatic;
				DEVELOPMENT_TEAM = X3GKR9NFG3;
				INFOPLIST_FILE = EveryDoItAgainUITests/Info.plist;
				LD_RUNPATH_SEARCH_PATHS = (
					"$(inherited)",
					"@executable_path/Frameworks",
					"@loader_path/Frameworks",
				);
				PRODUCT_BUNDLE_IDENTIFIER = com.MatthewChan.EveryDoItAgainUITests;
				PRODUCT_NAME = "$(TARGET_NAME)";
				SWIFT_VERSION = 4.2;
				TARGETED_DEVICE_FAMILY = "1,2";
				TEST_TARGET_NAME = EveryDoItAgain;
			};
			name = Release;
		};
/* End XCBuildConfiguration section */

/* Begin XCConfigurationList section */
		17ABCB212214D58A00EB6066 /* Build configuration list for PBXProject "EveryDoItAgain" */ = {
			isa = XCConfigurationList;
			buildConfigurations = (
				17ABCB512214D58C00EB6066 /* Debug */,
				17ABCB522214D58C00EB6066 /* Release */,
			);
			defaultConfigurationIsVisible = 0;
			defaultConfigurationName = Release;
		};
		17ABCB532214D58C00EB6066 /* Build configuration list for PBXNativeTarget "EveryDoItAgain" */ = {
			isa = XCConfigurationList;
			buildConfigurations = (
				17ABCB542214D58C00EB6066 /* Debug */,
				17ABCB552214D58C00EB6066 /* Release */,
			);
			defaultConfigurationIsVisible = 0;
			defaultConfigurationName = Release;
		};
		17ABCB562214D58C00EB6066 /* Build configuration list for PBXNativeTarget "EveryDoItAgainTests" */ = {
			isa = XCConfigurationList;
			buildConfigurations = (
				17ABCB572214D58C00EB6066 /* Debug */,
				17ABCB582214D58C00EB6066 /* Release */,
			);
			defaultConfigurationIsVisible = 0;
			defaultConfigurationName = Release;
		};
		17ABCB592214D58C00EB6066 /* Build configuration list for PBXNativeTarget "EveryDoItAgainUITests" */ = {
			isa = XCConfigurationList;
			buildConfigurations = (
				17ABCB5A2214D58C00EB6066 /* Debug */,
				17ABCB5B2214D58C00EB6066 /* Release */,
			);
			defaultConfigurationIsVisible = 0;
			defaultConfigurationName = Release;
		};
/* End XCConfigurationList section */

/* Begin XCVersionGroup section */
		17ABCB2B2214D58A00EB6066 /* EveryDoItAgain.xcdatamodeld */ = {
			isa = XCVersionGroup;
			children = (
				17ABCB2C2214D58A00EB6066 /* EveryDoItAgain.xcdatamodel */,
			);
			currentVersion = 17ABCB2C2214D58A00EB6066 /* EveryDoItAgain.xcdatamodel */;
			path = EveryDoItAgain.xcdatamodeld;
			sourceTree = "<group>";
			versionGroupType = wrapper.xcdatamodel;
		};
/* End XCVersionGroup section */
	};
	rootObject = 17ABCB1E2214D58A00EB6066 /* Project object */;
}
